
Microsoft Visual Studio Solution File, Format Version 12.00
# Visual Studio Version 16
VisualStudioVersion = 16.0.32106.194
MinimumVisualStudioVersion = 10.0.40219.1
Project("{FAE04EC0-301F-11D3-BF4B-00C04F79EFBC}") = "DemoCheckBox", "DemoCheckBox\DemoCheckBox.csproj", "{2F51EE15-9E62-4CF7-89C0-B7D6A22E61B0}"
EndProject
Global
	GlobalSection(SolutionConfigurationPlatforms) = preSolution
		Debug|Any CPU = Debug|Any CPU
		Release|Any CPU = Release|Any CPU
	EndGlobalSection
	GlobalSection(ProjectConfigurationPlatforms) = postSolution
		{2F51EE15-9E62-4CF7-89C0-B7D6A22E61B0}.Debug|Any CPU.ActiveCfg = Debug|Any CPU
		{2F51EE15-9E62-4CF7-89C0-B7D6A22E61B0}.Debug|Any CPU.Build.0 = Debug|Any CPU
		{2F51EE15-9E62-4CF7-89C0-B7D6A22E61B0}.Release|Any CPU.ActiveCfg = Release|Any CPU
		{2F51EE15-9E62-4CF7-89C0-B7D6A22E61B0}.Release|Any CPU.Build.0 = Release|Any CPU
	EndGlobalSection
	GlobalSection(SolutionProperties) = preSolution
		HideSolutionNode = FALSE
	EndGlobalSection
	GlobalSection(ExtensibilityGlobals) = postSolution
		SolutionGuid = {D560F712-DBA4-428F-862F-926DA495CB2D}
	EndGlobalSection
EndGlobal
